// !$*UTF8*$!
{
	archiveVersion = 1;
	classes = {
	};
	objectVersion = 56;
	objects = {

/* Begin PBXBuildFile section */
		641D75EF29182DCE00000AC1 /* OperationTests.swift in Sources */ = {isa = PBXBuildFile; fileRef = 641D75EE29182DCE00000AC1 /* OperationTests.swift */; };
		641D75F12918305F00000AC1 /* Operation.swift in Sources */ = {isa = PBXBuildFile; fileRef = 641D75F02918305F00000AC1 /* Operation.swift */; };
		641D75F5291830E800000AC1 /* Periodicity.swift in Sources */ = {isa = PBXBuildFile; fileRef = 641D75F4291830E800000AC1 /* Periodicity.swift */; };
		641D75F62918329E00000AC1 /* Operation.swift in Sources */ = {isa = PBXBuildFile; fileRef = 641D75F02918305F00000AC1 /* Operation.swift */; };
		641D75F7291832B300000AC1 /* Periodicity.swift in Sources */ = {isa = PBXBuildFile; fileRef = 641D75F4291830E800000AC1 /* Periodicity.swift */; };
		641D75F929183CEA00000AC1 /* CategoryTests.swift in Sources */ = {isa = PBXBuildFile; fileRef = 641D75F829183CEA00000AC1 /* CategoryTests.swift */; };
		641D75FB29183D2600000AC1 /* DefaultCategories.swift in Sources */ = {isa = PBXBuildFile; fileRef = 641D75FA29183D2600000AC1 /* DefaultCategories.swift */; };
		641D75FD29183EF400000AC1 /* Category.swift in Sources */ = {isa = PBXBuildFile; fileRef = 641D75FC29183EF400000AC1 /* Category.swift */; };
		641D75FE29183EF400000AC1 /* Category.swift in Sources */ = {isa = PBXBuildFile; fileRef = 641D75FC29183EF400000AC1 /* Category.swift */; };
		641D76052918406900000AC1 /* ValueError.swift in Sources */ = {isa = PBXBuildFile; fileRef = 641D76042918406900000AC1 /* ValueError.swift */; };
		641D76062918406900000AC1 /* ValueError.swift in Sources */ = {isa = PBXBuildFile; fileRef = 641D76042918406900000AC1 /* ValueError.swift */; };
		641D7607291840D000000AC1 /* DefaultCategories.swift in Sources */ = {isa = PBXBuildFile; fileRef = 641D75FA29183D2600000AC1 /* DefaultCategories.swift */; };
		641D760A2918421800000AC1 /* HomeViewModel.swift in Sources */ = {isa = PBXBuildFile; fileRef = 641D76092918421800000AC1 /* HomeViewModel.swift */; };
		641D760B2918421800000AC1 /* HomeViewModel.swift in Sources */ = {isa = PBXBuildFile; fileRef = 641D76092918421800000AC1 /* HomeViewModel.swift */; };
		641D76122918472D00000AC1 /* OperationType.swift in Sources */ = {isa = PBXBuildFile; fileRef = 641D76112918472D00000AC1 /* OperationType.swift */; };
		641D76132918472D00000AC1 /* OperationType.swift in Sources */ = {isa = PBXBuildFile; fileRef = 641D76112918472D00000AC1 /* OperationType.swift */; };
		641D761729184BDE00000AC1 /* User.swift in Sources */ = {isa = PBXBuildFile; fileRef = 641D761629184BDE00000AC1 /* User.swift */; };
		641D761829184BDE00000AC1 /* User.swift in Sources */ = {isa = PBXBuildFile; fileRef = 641D761629184BDE00000AC1 /* User.swift */; };
		641D761A29184BFB00000AC1 /* UserTests.swift in Sources */ = {isa = PBXBuildFile; fileRef = 641D761929184BFB00000AC1 /* UserTests.swift */; };
		641D761F29186E3D00000AC1 /* UserError.swift in Sources */ = {isa = PBXBuildFile; fileRef = 641D761E29186E3D00000AC1 /* UserError.swift */; };
		641D762029186E3D00000AC1 /* UserError.swift in Sources */ = {isa = PBXBuildFile; fileRef = 641D761E29186E3D00000AC1 /* UserError.swift */; };
		641D7626291885E400000AC1 /* Home.swift in Sources */ = {isa = PBXBuildFile; fileRef = 641D7625291885E400000AC1 /* Home.swift */; };
		641D7627291885E400000AC1 /* Home.swift in Sources */ = {isa = PBXBuildFile; fileRef = 641D7625291885E400000AC1 /* Home.swift */; };
		641D762A291888F400000AC1 /* AddOperationSheetModal.swift in Sources */ = {isa = PBXBuildFile; fileRef = 641D7629291888F400000AC1 /* AddOperationSheetModal.swift */; };
		641D762B291888F400000AC1 /* AddOperationSheetModal.swift in Sources */ = {isa = PBXBuildFile; fileRef = 641D7629291888F400000AC1 /* AddOperationSheetModal.swift */; };
		6422CF60291A79420005F09A /* BarChart.swift in Sources */ = {isa = PBXBuildFile; fileRef = 6422CF5F291A79420005F09A /* BarChart.swift */; };
		6422CF62291A795E0005F09A /* BarChartCell.swift in Sources */ = {isa = PBXBuildFile; fileRef = 6422CF61291A795E0005F09A /* BarChartCell.swift */; };
		6422CF64291A79860005F09A /* ChartData.swift in Sources */ = {isa = PBXBuildFile; fileRef = 6422CF63291A79860005F09A /* ChartData.swift */; };
		6422CF66291A97ED0005F09A /* HomeViewData_Temp.swift in Sources */ = {isa = PBXBuildFile; fileRef = 6422CF65291A97ED0005F09A /* HomeViewData_Temp.swift */; };
		6422CF67291A9B0D0005F09A /* BarChart.swift in Sources */ = {isa = PBXBuildFile; fileRef = 6422CF5F291A79420005F09A /* BarChart.swift */; };
		6422CF68291A9B100005F09A /* BarChartCell.swift in Sources */ = {isa = PBXBuildFile; fileRef = 6422CF61291A795E0005F09A /* BarChartCell.swift */; };
		6422CF69291A9B2F0005F09A /* ChartData.swift in Sources */ = {isa = PBXBuildFile; fileRef = 6422CF63291A79860005F09A /* ChartData.swift */; };
		6422CF6A291A9B3C0005F09A /* HomeViewData_Temp.swift in Sources */ = {isa = PBXBuildFile; fileRef = 6422CF65291A97ED0005F09A /* HomeViewData_Temp.swift */; };
		6422CF6B291ACD5A0005F09A /* Assets.xcassets in Resources */ = {isa = PBXBuildFile; fileRef = 64FB22A5290F604C00A378D2 /* Assets.xcassets */; };
		6422CF6D291ACEA10005F09A /* Extensions.swift in Sources */ = {isa = PBXBuildFile; fileRef = 6422CF6C291ACEA10005F09A /* Extensions.swift */; };
		6422CF6E291B06680005F09A /* Extensions.swift in Sources */ = {isa = PBXBuildFile; fileRef = 6422CF6C291ACEA10005F09A /* Extensions.swift */; };
		6422CF71291B2D540005F09A /* HeaderMessage.swift in Sources */ = {isa = PBXBuildFile; fileRef = 6422CF70291B2D540005F09A /* HeaderMessage.swift */; };
		6422CF72291B2D770005F09A /* HeaderMessage.swift in Sources */ = {isa = PBXBuildFile; fileRef = 6422CF70291B2D540005F09A /* HeaderMessage.swift */; };
		6465CC87291BE37700A11B7F /* CurrencyUITextField.swift in Sources */ = {isa = PBXBuildFile; fileRef = 6465CC86291BE37700A11B7F /* CurrencyUITextField.swift */; };
		6465CC89291BE3A100A11B7F /* CurrencyTextField.swift in Sources */ = {isa = PBXBuildFile; fileRef = 6465CC88291BE3A100A11B7F /* CurrencyTextField.swift */; };
		64893ADD291DDF1100D0AA9F /* CurrencyUITextField.swift in Sources */ = {isa = PBXBuildFile; fileRef = 6465CC86291BE37700A11B7F /* CurrencyUITextField.swift */; };
		64893ADE291DDF1300D0AA9F /* CurrencyTextField.swift in Sources */ = {isa = PBXBuildFile; fileRef = 6465CC88291BE3A100A11B7F /* CurrencyTextField.swift */; };
		64A09E262918995D001C0515 /* CategoriesList.swift in Sources */ = {isa = PBXBuildFile; fileRef = 64A09E252918995D001C0515 /* CategoriesList.swift */; };
		64A09E2829189E6F001C0515 /* HomeViewModelTests.swift in Sources */ = {isa = PBXBuildFile; fileRef = 64A09E2729189E6F001C0515 /* HomeViewModelTests.swift */; };
		64A09E292918A09A001C0515 /* CategoriesList.swift in Sources */ = {isa = PBXBuildFile; fileRef = 64A09E252918995D001C0515 /* CategoriesList.swift */; };
		64DD6D862919D3F40055B541 /* GoalsError.swift in Sources */ = {isa = PBXBuildFile; fileRef = 64DD6D852919D3F40055B541 /* GoalsError.swift */; };
		64DD6D872919D3F40055B541 /* GoalsError.swift in Sources */ = {isa = PBXBuildFile; fileRef = 64DD6D852919D3F40055B541 /* GoalsError.swift */; };
		64DD6D892919D3FC0055B541 /* CategoryError.swift in Sources */ = {isa = PBXBuildFile; fileRef = 64DD6D882919D3FC0055B541 /* CategoryError.swift */; };
		64DD6D8A2919D3FC0055B541 /* CategoryError.swift in Sources */ = {isa = PBXBuildFile; fileRef = 64DD6D882919D3FC0055B541 /* CategoryError.swift */; };
		64DD6D8D2919D4190055B541 /* OperationInput.swift in Sources */ = {isa = PBXBuildFile; fileRef = 64DD6D8C2919D4190055B541 /* OperationInput.swift */; };
		64DD6D8E2919D4190055B541 /* OperationInput.swift in Sources */ = {isa = PBXBuildFile; fileRef = 64DD6D8C2919D4190055B541 /* OperationInput.swift */; };
		64DD6D962919D4CF0055B541 /* OperationInputTests.swift in Sources */ = {isa = PBXBuildFile; fileRef = 64DD6D952919D4CF0055B541 /* OperationInputTests.swift */; };
		64DD6D982919D4F30055B541 /* UserGoalsTests.swift in Sources */ = {isa = PBXBuildFile; fileRef = 64DD6D972919D4F30055B541 /* UserGoalsTests.swift */; };
		64DD6D9A2919D6CF0055B541 /* Goals.swift in Sources */ = {isa = PBXBuildFile; fileRef = 64DD6D992919D6CF0055B541 /* Goals.swift */; };
		64DD6D9B2919D6CF0055B541 /* Goals.swift in Sources */ = {isa = PBXBuildFile; fileRef = 64DD6D992919D6CF0055B541 /* Goals.swift */; };
		64FB22A2290F604B00A378D2 /* SavemoApp.swift in Sources */ = {isa = PBXBuildFile; fileRef = 64FB22A1290F604B00A378D2 /* SavemoApp.swift */; };
		64FB22A6290F604C00A378D2 /* Assets.xcassets in Resources */ = {isa = PBXBuildFile; fileRef = 64FB22A5290F604C00A378D2 /* Assets.xcassets */; };
		64FB22A9290F604C00A378D2 /* Preview Assets.xcassets in Resources */ = {isa = PBXBuildFile; fileRef = 64FB22A8290F604C00A378D2 /* Preview Assets.xcassets */; };
		64FB22BD290F604C00A378D2 /* SavemoUITests.swift in Sources */ = {isa = PBXBuildFile; fileRef = 64FB22BC290F604C00A378D2 /* SavemoUITests.swift */; };
		64FB22BF290F604C00A378D2 /* SavemoUITestsLaunchTests.swift in Sources */ = {isa = PBXBuildFile; fileRef = 64FB22BE290F604C00A378D2 /* SavemoUITestsLaunchTests.swift */; };
/* End PBXBuildFile section */

/* Begin PBXContainerItemProxy section */
		64FB22AF290F604C00A378D2 /* PBXContainerItemProxy */ = {
			isa = PBXContainerItemProxy;
			containerPortal = 64FB2296290F604B00A378D2 /* Project object */;
			proxyType = 1;
			remoteGlobalIDString = 64FB229D290F604B00A378D2;
			remoteInfo = Savemo;
		};
		64FB22B9290F604C00A378D2 /* PBXContainerItemProxy */ = {
			isa = PBXContainerItemProxy;
			containerPortal = 64FB2296290F604B00A378D2 /* Project object */;
			proxyType = 1;
			remoteGlobalIDString = 64FB229D290F604B00A378D2;
			remoteInfo = Savemo;
		};
/* End PBXContainerItemProxy section */

/* Begin PBXFileReference section */
		641D75EE29182DCE00000AC1 /* OperationTests.swift */ = {isa = PBXFileReference; lastKnownFileType = sourcecode.swift; path = OperationTests.swift; sourceTree = "<group>"; };
		641D75F02918305F00000AC1 /* Operation.swift */ = {isa = PBXFileReference; lastKnownFileType = sourcecode.swift; path = Operation.swift; sourceTree = "<group>"; };
		641D75F4291830E800000AC1 /* Periodicity.swift */ = {isa = PBXFileReference; lastKnownFileType = sourcecode.swift; path = Periodicity.swift; sourceTree = "<group>"; };
		641D75F829183CEA00000AC1 /* CategoryTests.swift */ = {isa = PBXFileReference; lastKnownFileType = sourcecode.swift; path = CategoryTests.swift; sourceTree = "<group>"; };
		641D75FA29183D2600000AC1 /* DefaultCategories.swift */ = {isa = PBXFileReference; lastKnownFileType = sourcecode.swift; path = DefaultCategories.swift; sourceTree = "<group>"; };
		641D75FC29183EF400000AC1 /* Category.swift */ = {isa = PBXFileReference; lastKnownFileType = sourcecode.swift; path = Category.swift; sourceTree = "<group>"; };
		641D76042918406900000AC1 /* ValueError.swift */ = {isa = PBXFileReference; lastKnownFileType = sourcecode.swift; path = ValueError.swift; sourceTree = "<group>"; };
		641D76092918421800000AC1 /* HomeViewModel.swift */ = {isa = PBXFileReference; lastKnownFileType = sourcecode.swift; path = HomeViewModel.swift; sourceTree = "<group>"; };
		641D76112918472D00000AC1 /* OperationType.swift */ = {isa = PBXFileReference; lastKnownFileType = sourcecode.swift; path = OperationType.swift; sourceTree = "<group>"; };
		641D761629184BDE00000AC1 /* User.swift */ = {isa = PBXFileReference; lastKnownFileType = sourcecode.swift; path = User.swift; sourceTree = "<group>"; };
		641D761929184BFB00000AC1 /* UserTests.swift */ = {isa = PBXFileReference; lastKnownFileType = sourcecode.swift; path = UserTests.swift; sourceTree = "<group>"; };
		641D761E29186E3D00000AC1 /* UserError.swift */ = {isa = PBXFileReference; lastKnownFileType = sourcecode.swift; path = UserError.swift; sourceTree = "<group>"; };
		641D7625291885E400000AC1 /* Home.swift */ = {isa = PBXFileReference; lastKnownFileType = sourcecode.swift; path = Home.swift; sourceTree = "<group>"; };
		641D7629291888F400000AC1 /* AddOperationSheetModal.swift */ = {isa = PBXFileReference; lastKnownFileType = sourcecode.swift; path = AddOperationSheetModal.swift; sourceTree = "<group>"; };
		6422CF5F291A79420005F09A /* BarChart.swift */ = {isa = PBXFileReference; lastKnownFileType = sourcecode.swift; path = BarChart.swift; sourceTree = "<group>"; };
		6422CF61291A795E0005F09A /* BarChartCell.swift */ = {isa = PBXFileReference; lastKnownFileType = sourcecode.swift; path = BarChartCell.swift; sourceTree = "<group>"; };
		6422CF63291A79860005F09A /* ChartData.swift */ = {isa = PBXFileReference; lastKnownFileType = sourcecode.swift; path = ChartData.swift; sourceTree = "<group>"; };
		6422CF65291A97ED0005F09A /* HomeViewData_Temp.swift */ = {isa = PBXFileReference; lastKnownFileType = sourcecode.swift; path = HomeViewData_Temp.swift; sourceTree = "<group>"; };
		6422CF6C291ACEA10005F09A /* Extensions.swift */ = {isa = PBXFileReference; lastKnownFileType = sourcecode.swift; path = Extensions.swift; sourceTree = "<group>"; };
		6422CF70291B2D540005F09A /* HeaderMessage.swift */ = {isa = PBXFileReference; lastKnownFileType = sourcecode.swift; path = HeaderMessage.swift; sourceTree = "<group>"; };
		6465CC86291BE37700A11B7F /* CurrencyUITextField.swift */ = {isa = PBXFileReference; lastKnownFileType = sourcecode.swift; path = CurrencyUITextField.swift; sourceTree = "<group>"; };
		6465CC88291BE3A100A11B7F /* CurrencyTextField.swift */ = {isa = PBXFileReference; lastKnownFileType = sourcecode.swift; path = CurrencyTextField.swift; sourceTree = "<group>"; };
		64A09E252918995D001C0515 /* CategoriesList.swift */ = {isa = PBXFileReference; lastKnownFileType = sourcecode.swift; path = CategoriesList.swift; sourceTree = "<group>"; };
		64A09E2729189E6F001C0515 /* HomeViewModelTests.swift */ = {isa = PBXFileReference; lastKnownFileType = sourcecode.swift; path = HomeViewModelTests.swift; sourceTree = "<group>"; };
		64DD6D852919D3F40055B541 /* GoalsError.swift */ = {isa = PBXFileReference; fileEncoding = 4; lastKnownFileType = sourcecode.swift; path = GoalsError.swift; sourceTree = "<group>"; };
		64DD6D882919D3FC0055B541 /* CategoryError.swift */ = {isa = PBXFileReference; fileEncoding = 4; lastKnownFileType = sourcecode.swift; path = CategoryError.swift; sourceTree = "<group>"; };
		64DD6D8C2919D4190055B541 /* OperationInput.swift */ = {isa = PBXFileReference; fileEncoding = 4; lastKnownFileType = sourcecode.swift; path = OperationInput.swift; sourceTree = "<group>"; };
		64DD6D952919D4CF0055B541 /* OperationInputTests.swift */ = {isa = PBXFileReference; lastKnownFileType = sourcecode.swift; path = OperationInputTests.swift; sourceTree = "<group>"; };
		64DD6D972919D4F30055B541 /* UserGoalsTests.swift */ = {isa = PBXFileReference; lastKnownFileType = sourcecode.swift; path = UserGoalsTests.swift; sourceTree = "<group>"; };
		64DD6D992919D6CF0055B541 /* Goals.swift */ = {isa = PBXFileReference; lastKnownFileType = sourcecode.swift; path = Goals.swift; sourceTree = "<group>"; };
		64FB229E290F604B00A378D2 /* Savemo.app */ = {isa = PBXFileReference; explicitFileType = wrapper.application; includeInIndex = 0; path = Savemo.app; sourceTree = BUILT_PRODUCTS_DIR; };
		64FB22A1290F604B00A378D2 /* SavemoApp.swift */ = {isa = PBXFileReference; lastKnownFileType = sourcecode.swift; path = SavemoApp.swift; sourceTree = "<group>"; };
		64FB22A5290F604C00A378D2 /* Assets.xcassets */ = {isa = PBXFileReference; lastKnownFileType = folder.assetcatalog; path = Assets.xcassets; sourceTree = "<group>"; };
		64FB22A8290F604C00A378D2 /* Preview Assets.xcassets */ = {isa = PBXFileReference; lastKnownFileType = folder.assetcatalog; path = "Preview Assets.xcassets"; sourceTree = "<group>"; };
		64FB22AE290F604C00A378D2 /* SavemoTests.xctest */ = {isa = PBXFileReference; explicitFileType = wrapper.cfbundle; includeInIndex = 0; path = SavemoTests.xctest; sourceTree = BUILT_PRODUCTS_DIR; };
		64FB22B8290F604C00A378D2 /* SavemoUITests.xctest */ = {isa = PBXFileReference; explicitFileType = wrapper.cfbundle; includeInIndex = 0; path = SavemoUITests.xctest; sourceTree = BUILT_PRODUCTS_DIR; };
		64FB22BC290F604C00A378D2 /* SavemoUITests.swift */ = {isa = PBXFileReference; lastKnownFileType = sourcecode.swift; path = SavemoUITests.swift; sourceTree = "<group>"; };
		64FB22BE290F604C00A378D2 /* SavemoUITestsLaunchTests.swift */ = {isa = PBXFileReference; lastKnownFileType = sourcecode.swift; path = SavemoUITestsLaunchTests.swift; sourceTree = "<group>"; };
/* End PBXFileReference section */

/* Begin PBXFrameworksBuildPhase section */
		64FB229B290F604B00A378D2 /* Frameworks */ = {
			isa = PBXFrameworksBuildPhase;
			buildActionMask = 2147483647;
			files = (
			);
			runOnlyForDeploymentPostprocessing = 0;
		};
		64FB22AB290F604C00A378D2 /* Frameworks */ = {
			isa = PBXFrameworksBuildPhase;
			buildActionMask = 2147483647;
			files = (
			);
			runOnlyForDeploymentPostprocessing = 0;
		};
		64FB22B5290F604C00A378D2 /* Frameworks */ = {
			isa = PBXFrameworksBuildPhase;
			buildActionMask = 2147483647;
			files = (
			);
			runOnlyForDeploymentPostprocessing = 0;
		};
/* End PBXFrameworksBuildPhase section */

/* Begin PBXGroup section */
		641D75ED29182DAE00000AC1 /* Models */ = {
			isa = PBXGroup;
			children = (
				6422CF63291A79860005F09A /* ChartData.swift */,
				641D75F02918305F00000AC1 /* Operation.swift */,
				641D75FC29183EF400000AC1 /* Category.swift */,
				641D761629184BDE00000AC1 /* User.swift */,
				64DD6D992919D6CF0055B541 /* Goals.swift */,
			);
			path = Models;
			sourceTree = "<group>";
		};
		641D75F2291830BD00000AC1 /* Utils */ = {
			isa = PBXGroup;
			children = (
				64DD6D8B2919D4190055B541 /* Validations */,
				641D76032918405A00000AC1 /* ErrorTypes */,
				641D75F3291830D700000AC1 /* Enums */,
				6422CF6C291ACEA10005F09A /* Extensions.swift */,
			);
			path = Utils;
			sourceTree = "<group>";
		};
		641D75F3291830D700000AC1 /* Enums */ = {
			isa = PBXGroup;
			children = (
				641D75F4291830E800000AC1 /* Periodicity.swift */,
				641D75FA29183D2600000AC1 /* DefaultCategories.swift */,
				641D76112918472D00000AC1 /* OperationType.swift */,
			);
			path = Enums;
			sourceTree = "<group>";
		};
		641D76032918405A00000AC1 /* ErrorTypes */ = {
			isa = PBXGroup;
			children = (
				64DD6D852919D3F40055B541 /* GoalsError.swift */,
				64DD6D882919D3FC0055B541 /* CategoryError.swift */,
				641D76042918406900000AC1 /* ValueError.swift */,
				641D761E29186E3D00000AC1 /* UserError.swift */,
			);
			path = ErrorTypes;
			sourceTree = "<group>";
		};
		641D76082918420800000AC1 /* ViewModels */ = {
			isa = PBXGroup;
			children = (
				641D76092918421800000AC1 /* HomeViewModel.swift */,
				6422CF65291A97ED0005F09A /* HomeViewData_Temp.swift */,
			);
			path = ViewModels;
			sourceTree = "<group>";
		};
		641D7621291885B600000AC1 /* Views */ = {
			isa = PBXGroup;
			children = (
				6422CF6F291B2D460005F09A /* Home */,
				641D7628291888D400000AC1 /* Components */,
			);
			path = Views;
			sourceTree = "<group>";
		};
		641D7628291888D400000AC1 /* Components */ = {
			isa = PBXGroup;
			children = (
				6465CC85291BE36200A11B7F /* CurrencyTextField */,
				6422CF5E291A79250005F09A /* BarChart */,
				64A09E252918995D001C0515 /* CategoriesList.swift */,
			);
			path = Components;
			sourceTree = "<group>";
		};
		6422CF5E291A79250005F09A /* BarChart */ = {
			isa = PBXGroup;
			children = (
				6422CF5F291A79420005F09A /* BarChart.swift */,
				6422CF61291A795E0005F09A /* BarChartCell.swift */,
			);
			path = BarChart;
			sourceTree = "<group>";
		};
		6422CF6F291B2D460005F09A /* Home */ = {
			isa = PBXGroup;
			children = (
				641D7625291885E400000AC1 /* Home.swift */,
				6422CF70291B2D540005F09A /* HeaderMessage.swift */,
				641D7629291888F400000AC1 /* AddOperationSheetModal.swift */,
			);
			path = Home;
			sourceTree = "<group>";
		};
		6465CC85291BE36200A11B7F /* CurrencyTextField */ = {
			isa = PBXGroup;
			children = (
				6465CC86291BE37700A11B7F /* CurrencyUITextField.swift */,
				6465CC88291BE3A100A11B7F /* CurrencyTextField.swift */,
			);
			path = CurrencyTextField;
			sourceTree = "<group>";
		};
		64DD6D8B2919D4190055B541 /* Validations */ = {
			isa = PBXGroup;
			children = (
				64DD6D8C2919D4190055B541 /* OperationInput.swift */,
			);
			path = Validations;
			sourceTree = "<group>";
		};
		64FB2295290F604B00A378D2 = {
			isa = PBXGroup;
			children = (
				64FB22A0290F604B00A378D2 /* Savemo */,
				64FB22B1290F604C00A378D2 /* SavemoTests */,
				64FB22BB290F604C00A378D2 /* SavemoUITests */,
				64FB229F290F604B00A378D2 /* Products */,
			);
			sourceTree = "<group>";
		};
		64FB229F290F604B00A378D2 /* Products */ = {
			isa = PBXGroup;
			children = (
				64FB229E290F604B00A378D2 /* Savemo.app */,
				64FB22AE290F604C00A378D2 /* SavemoTests.xctest */,
				64FB22B8290F604C00A378D2 /* SavemoUITests.xctest */,
			);
			name = Products;
			sourceTree = "<group>";
		};
		64FB22A0290F604B00A378D2 /* Savemo */ = {
			isa = PBXGroup;
			children = (
				641D7621291885B600000AC1 /* Views */,
				641D76082918420800000AC1 /* ViewModels */,
				641D75F2291830BD00000AC1 /* Utils */,
				641D75ED29182DAE00000AC1 /* Models */,
				64FB22A1290F604B00A378D2 /* SavemoApp.swift */,
				64FB22A5290F604C00A378D2 /* Assets.xcassets */,
				64FB22A7290F604C00A378D2 /* Preview Content */,
			);
			path = Savemo;
			sourceTree = "<group>";
		};
		64FB22A7290F604C00A378D2 /* Preview Content */ = {
			isa = PBXGroup;
			children = (
				64FB22A8290F604C00A378D2 /* Preview Assets.xcassets */,
			);
			path = "Preview Content";
			sourceTree = "<group>";
		};
		64FB22B1290F604C00A378D2 /* SavemoTests */ = {
			isa = PBXGroup;
			children = (
				641D75EE29182DCE00000AC1 /* OperationTests.swift */,
				641D75F829183CEA00000AC1 /* CategoryTests.swift */,
				641D761929184BFB00000AC1 /* UserTests.swift */,
				64A09E2729189E6F001C0515 /* HomeViewModelTests.swift */,
				64DD6D952919D4CF0055B541 /* OperationInputTests.swift */,
				64DD6D972919D4F30055B541 /* UserGoalsTests.swift */,
			);
			path = SavemoTests;
			sourceTree = "<group>";
		};
		64FB22BB290F604C00A378D2 /* SavemoUITests */ = {
			isa = PBXGroup;
			children = (
				64FB22BC290F604C00A378D2 /* SavemoUITests.swift */,
				64FB22BE290F604C00A378D2 /* SavemoUITestsLaunchTests.swift */,
			);
			path = SavemoUITests;
			sourceTree = "<group>";
		};
/* End PBXGroup section */

/* Begin PBXNativeTarget section */
		64FB229D290F604B00A378D2 /* Savemo */ = {
			isa = PBXNativeTarget;
			buildConfigurationList = 64FB22C2290F604C00A378D2 /* Build configuration list for PBXNativeTarget "Savemo" */;
			buildPhases = (
				64FB229A290F604B00A378D2 /* Sources */,
				64FB229B290F604B00A378D2 /* Frameworks */,
				64FB229C290F604B00A378D2 /* Resources */,
			);
			buildRules = (
			);
			dependencies = (
			);
			name = Savemo;
			productName = Savemo;
			productReference = 64FB229E290F604B00A378D2 /* Savemo.app */;
			productType = "com.apple.product-type.application";
		};
		64FB22AD290F604C00A378D2 /* SavemoTests */ = {
			isa = PBXNativeTarget;
			buildConfigurationList = 64FB22C5290F604C00A378D2 /* Build configuration list for PBXNativeTarget "SavemoTests" */;
			buildPhases = (
				64FB22AA290F604C00A378D2 /* Sources */,
				64FB22AB290F604C00A378D2 /* Frameworks */,
				64FB22AC290F604C00A378D2 /* Resources */,
			);
			buildRules = (
			);
			dependencies = (
				64FB22B0290F604C00A378D2 /* PBXTargetDependency */,
			);
			name = SavemoTests;
			productName = SavemoTests;
			productReference = 64FB22AE290F604C00A378D2 /* SavemoTests.xctest */;
			productType = "com.apple.product-type.bundle.unit-test";
		};
		64FB22B7290F604C00A378D2 /* SavemoUITests */ = {
			isa = PBXNativeTarget;
			buildConfigurationList = 64FB22C8290F604C00A378D2 /* Build configuration list for PBXNativeTarget "SavemoUITests" */;
			buildPhases = (
				64FB22B4290F604C00A378D2 /* Sources */,
				64FB22B5290F604C00A378D2 /* Frameworks */,
				64FB22B6290F604C00A378D2 /* Resources */,
			);
			buildRules = (
			);
			dependencies = (
				64FB22BA290F604C00A378D2 /* PBXTargetDependency */,
			);
			name = SavemoUITests;
			productName = SavemoUITests;
			productReference = 64FB22B8290F604C00A378D2 /* SavemoUITests.xctest */;
			productType = "com.apple.product-type.bundle.ui-testing";
		};
/* End PBXNativeTarget section */

/* Begin PBXProject section */
		64FB2296290F604B00A378D2 /* Project object */ = {
			isa = PBXProject;
			attributes = {
				BuildIndependentTargetsInParallel = 1;
				LastSwiftUpdateCheck = 1400;
				LastUpgradeCheck = 1400;
				TargetAttributes = {
					64FB229D290F604B00A378D2 = {
						CreatedOnToolsVersion = 14.0.1;
					};
					64FB22AD290F604C00A378D2 = {
						CreatedOnToolsVersion = 14.0.1;
						TestTargetID = 64FB229D290F604B00A378D2;
					};
					64FB22B7290F604C00A378D2 = {
						CreatedOnToolsVersion = 14.0.1;
						TestTargetID = 64FB229D290F604B00A378D2;
					};
				};
			};
			buildConfigurationList = 64FB2299290F604B00A378D2 /* Build configuration list for PBXProject "Savemo" */;
			compatibilityVersion = "Xcode 14.0";
			developmentRegion = en;
			hasScannedForEncodings = 0;
			knownRegions = (
				en,
				Base,
			);
			mainGroup = 64FB2295290F604B00A378D2;
			productRefGroup = 64FB229F290F604B00A378D2 /* Products */;
			projectDirPath = "";
			projectRoot = "";
			targets = (
				64FB229D290F604B00A378D2 /* Savemo */,
				64FB22AD290F604C00A378D2 /* SavemoTests */,
				64FB22B7290F604C00A378D2 /* SavemoUITests */,
			);
		};
/* End PBXProject section */

/* Begin PBXResourcesBuildPhase section */
		64FB229C290F604B00A378D2 /* Resources */ = {
			isa = PBXResourcesBuildPhase;
			buildActionMask = 2147483647;
			files = (
				64FB22A9290F604C00A378D2 /* Preview Assets.xcassets in Resources */,
				64FB22A6290F604C00A378D2 /* Assets.xcassets in Resources */,
			);
			runOnlyForDeploymentPostprocessing = 0;
		};
		64FB22AC290F604C00A378D2 /* Resources */ = {
			isa = PBXResourcesBuildPhase;
			buildActionMask = 2147483647;
			files = (
				6422CF6B291ACD5A0005F09A /* Assets.xcassets in Resources */,
			);
			runOnlyForDeploymentPostprocessing = 0;
		};
		64FB22B6290F604C00A378D2 /* Resources */ = {
			isa = PBXResourcesBuildPhase;
			buildActionMask = 2147483647;
			files = (
			);
			runOnlyForDeploymentPostprocessing = 0;
		};
/* End PBXResourcesBuildPhase section */

/* Begin PBXSourcesBuildPhase section */
		64FB229A290F604B00A378D2 /* Sources */ = {
			isa = PBXSourcesBuildPhase;
			buildActionMask = 2147483647;
			files = (
				64DD6D8D2919D4190055B541 /* OperationInput.swift in Sources */,
				641D75F12918305F00000AC1 /* Operation.swift in Sources */,
				6465CC87291BE37700A11B7F /* CurrencyUITextField.swift in Sources */,
				6422CF66291A97ED0005F09A /* HomeViewData_Temp.swift in Sources */,
				64A09E262918995D001C0515 /* CategoriesList.swift in Sources */,
				641D75F5291830E800000AC1 /* Periodicity.swift in Sources */,
				641D76122918472D00000AC1 /* OperationType.swift in Sources */,
				6422CF71291B2D540005F09A /* HeaderMessage.swift in Sources */,
				64DD6D9A2919D6CF0055B541 /* Goals.swift in Sources */,
				6422CF64291A79860005F09A /* ChartData.swift in Sources */,
				641D761F29186E3D00000AC1 /* UserError.swift in Sources */,
				641D760A2918421800000AC1 /* HomeViewModel.swift in Sources */,
				641D76052918406900000AC1 /* ValueError.swift in Sources */,
				6465CC89291BE3A100A11B7F /* CurrencyTextField.swift in Sources */,
				6422CF6D291ACEA10005F09A /* Extensions.swift in Sources */,
				64FB22A2290F604B00A378D2 /* SavemoApp.swift in Sources */,
				6422CF60291A79420005F09A /* BarChart.swift in Sources */,
				641D762A291888F400000AC1 /* AddOperationSheetModal.swift in Sources */,
				641D75FB29183D2600000AC1 /* DefaultCategories.swift in Sources */,
				641D75FD29183EF400000AC1 /* Category.swift in Sources */,
				64DD6D862919D3F40055B541 /* GoalsError.swift in Sources */,
				64DD6D892919D3FC0055B541 /* CategoryError.swift in Sources */,
				641D7626291885E400000AC1 /* Home.swift in Sources */,
				641D761729184BDE00000AC1 /* User.swift in Sources */,
				6422CF62291A795E0005F09A /* BarChartCell.swift in Sources */,
			);
			runOnlyForDeploymentPostprocessing = 0;
		};
		64FB22AA290F604C00A378D2 /* Sources */ = {
			isa = PBXSourcesBuildPhase;
			buildActionMask = 2147483647;
			files = (
				64DD6D8A2919D3FC0055B541 /* CategoryError.swift in Sources */,
				6422CF6E291B06680005F09A /* Extensions.swift in Sources */,
				64893ADD291DDF1100D0AA9F /* CurrencyUITextField.swift in Sources */,
				641D75F62918329E00000AC1 /* Operation.swift in Sources */,
				64DD6D962919D4CF0055B541 /* OperationInputTests.swift in Sources */,
				64A09E292918A09A001C0515 /* CategoriesList.swift in Sources */,
				6422CF68291A9B100005F09A /* BarChartCell.swift in Sources */,
				641D760B2918421800000AC1 /* HomeViewModel.swift in Sources */,
				641D75F7291832B300000AC1 /* Periodicity.swift in Sources */,
				6422CF72291B2D770005F09A /* HeaderMessage.swift in Sources */,
				641D75EF29182DCE00000AC1 /* OperationTests.swift in Sources */,
				641D76062918406900000AC1 /* ValueError.swift in Sources */,
				6422CF6A291A9B3C0005F09A /* HomeViewData_Temp.swift in Sources */,
				64A09E2829189E6F001C0515 /* HomeViewModelTests.swift in Sources */,
				641D7627291885E400000AC1 /* Home.swift in Sources */,
				64DD6D9B2919D6CF0055B541 /* Goals.swift in Sources */,
				64DD6D872919D3F40055B541 /* GoalsError.swift in Sources */,
				641D762B291888F400000AC1 /* AddOperationSheetModal.swift in Sources */,
				64893ADE291DDF1300D0AA9F /* CurrencyTextField.swift in Sources */,
				641D761829184BDE00000AC1 /* User.swift in Sources */,
				641D7607291840D000000AC1 /* DefaultCategories.swift in Sources */,
				641D75F929183CEA00000AC1 /* CategoryTests.swift in Sources */,
				641D761A29184BFB00000AC1 /* UserTests.swift in Sources */,
				641D75FE29183EF400000AC1 /* Category.swift in Sources */,
				64DD6D8E2919D4190055B541 /* OperationInput.swift in Sources */,
				6422CF67291A9B0D0005F09A /* BarChart.swift in Sources */,
				6422CF69291A9B2F0005F09A /* ChartData.swift in Sources */,
				641D762029186E3D00000AC1 /* UserError.swift in Sources */,
				64DD6D982919D4F30055B541 /* UserGoalsTests.swift in Sources */,
				641D76132918472D00000AC1 /* OperationType.swift in Sources */,
			);
			runOnlyForDeploymentPostprocessing = 0;
		};
		64FB22B4290F604C00A378D2 /* Sources */ = {
			isa = PBXSourcesBuildPhase;
			buildActionMask = 2147483647;
			files = (
				64FB22BD290F604C00A378D2 /* SavemoUITests.swift in Sources */,
				64FB22BF290F604C00A378D2 /* SavemoUITestsLaunchTests.swift in Sources */,
			);
			runOnlyForDeploymentPostprocessing = 0;
		};
/* End PBXSourcesBuildPhase section */

/* Begin PBXTargetDependency section */
		64FB22B0290F604C00A378D2 /* PBXTargetDependency */ = {
			isa = PBXTargetDependency;
			target = 64FB229D290F604B00A378D2 /* Savemo */;
			targetProxy = 64FB22AF290F604C00A378D2 /* PBXContainerItemProxy */;
		};
		64FB22BA290F604C00A378D2 /* PBXTargetDependency */ = {
			isa = PBXTargetDependency;
			target = 64FB229D290F604B00A378D2 /* Savemo */;
			targetProxy = 64FB22B9290F604C00A378D2 /* PBXContainerItemProxy */;
		};
/* End PBXTargetDependency section */

/* Begin XCBuildConfiguration section */
		64FB22C0290F604C00A378D2 /* Debug */ = {
			isa = XCBuildConfiguration;
			buildSettings = {
				ALWAYS_SEARCH_USER_PATHS = NO;
				CLANG_ANALYZER_NONNULL = YES;
				CLANG_ANALYZER_NUMBER_OBJECT_CONVERSION = YES_AGGRESSIVE;
				CLANG_CXX_LANGUAGE_STANDARD = "gnu++20";
				CLANG_ENABLE_MODULES = YES;
				CLANG_ENABLE_OBJC_ARC = YES;
				CLANG_ENABLE_OBJC_WEAK = YES;
				CLANG_WARN_BLOCK_CAPTURE_AUTORELEASING = YES;
				CLANG_WARN_BOOL_CONVERSION = YES;
				CLANG_WARN_COMMA = YES;
				CLANG_WARN_CONSTANT_CONVERSION = YES;
				CLANG_WARN_DEPRECATED_OBJC_IMPLEMENTATIONS = YES;
				CLANG_WARN_DIRECT_OBJC_ISA_USAGE = YES_ERROR;
				CLANG_WARN_DOCUMENTATION_COMMENTS = YES;
				CLANG_WARN_EMPTY_BODY = YES;
				CLANG_WARN_ENUM_CONVERSION = YES;
				CLANG_WARN_INFINITE_RECURSION = YES;
				CLANG_WARN_INT_CONVERSION = YES;
				CLANG_WARN_NON_LITERAL_NULL_CONVERSION = YES;
				CLANG_WARN_OBJC_IMPLICIT_RETAIN_SELF = YES;
				CLANG_WARN_OBJC_LITERAL_CONVERSION = YES;
				CLANG_WARN_OBJC_ROOT_CLASS = YES_ERROR;
				CLANG_WARN_QUOTED_INCLUDE_IN_FRAMEWORK_HEADER = YES;
				CLANG_WARN_RANGE_LOOP_ANALYSIS = YES;
				CLANG_WARN_STRICT_PROTOTYPES = YES;
				CLANG_WARN_SUSPICIOUS_MOVE = YES;
				CLANG_WARN_UNGUARDED_AVAILABILITY = YES_AGGRESSIVE;
				CLANG_WARN_UNREACHABLE_CODE = YES;
				CLANG_WARN__DUPLICATE_METHOD_MATCH = YES;
				COPY_PHASE_STRIP = NO;
				DEBUG_INFORMATION_FORMAT = dwarf;
				ENABLE_STRICT_OBJC_MSGSEND = YES;
				ENABLE_TESTABILITY = YES;
				GCC_C_LANGUAGE_STANDARD = gnu11;
				GCC_DYNAMIC_NO_PIC = NO;
				GCC_NO_COMMON_BLOCKS = YES;
				GCC_OPTIMIZATION_LEVEL = 0;
				GCC_PREPROCESSOR_DEFINITIONS = (
					"DEBUG=1",
					"$(inherited)",
				);
				GCC_WARN_64_TO_32_BIT_CONVERSION = YES;
				GCC_WARN_ABOUT_RETURN_TYPE = YES_ERROR;
				GCC_WARN_UNDECLARED_SELECTOR = YES;
				GCC_WARN_UNINITIALIZED_AUTOS = YES_AGGRESSIVE;
				GCC_WARN_UNUSED_FUNCTION = YES;
				GCC_WARN_UNUSED_VARIABLE = YES;
				IPHONEOS_DEPLOYMENT_TARGET = 15.0;
				MTL_ENABLE_DEBUG_INFO = INCLUDE_SOURCE;
				MTL_FAST_MATH = YES;
				ONLY_ACTIVE_ARCH = YES;
				SDKROOT = iphoneos;
				SWIFT_ACTIVE_COMPILATION_CONDITIONS = DEBUG;
				SWIFT_OPTIMIZATION_LEVEL = "-Onone";
			};
			name = Debug;
		};
		64FB22C1290F604C00A378D2 /* Release */ = {
			isa = XCBuildConfiguration;
			buildSettings = {
				ALWAYS_SEARCH_USER_PATHS = NO;
				CLANG_ANALYZER_NONNULL = YES;
				CLANG_ANALYZER_NUMBER_OBJECT_CONVERSION = YES_AGGRESSIVE;
				CLANG_CXX_LANGUAGE_STANDARD = "gnu++20";
				CLANG_ENABLE_MODULES = YES;
				CLANG_ENABLE_OBJC_ARC = YES;
				CLANG_ENABLE_OBJC_WEAK = YES;
				CLANG_WARN_BLOCK_CAPTURE_AUTORELEASING = YES;
				CLANG_WARN_BOOL_CONVERSION = YES;
				CLANG_WARN_COMMA = YES;
				CLANG_WARN_CONSTANT_CONVERSION = YES;
				CLANG_WARN_DEPRECATED_OBJC_IMPLEMENTATIONS = YES;
				CLANG_WARN_DIRECT_OBJC_ISA_USAGE = YES_ERROR;
				CLANG_WARN_DOCUMENTATION_COMMENTS = YES;
				CLANG_WARN_EMPTY_BODY = YES;
				CLANG_WARN_ENUM_CONVERSION = YES;
				CLANG_WARN_INFINITE_RECURSION = YES;
				CLANG_WARN_INT_CONVERSION = YES;
				CLANG_WARN_NON_LITERAL_NULL_CONVERSION = YES;
				CLANG_WARN_OBJC_IMPLICIT_RETAIN_SELF = YES;
				CLANG_WARN_OBJC_LITERAL_CONVERSION = YES;
				CLANG_WARN_OBJC_ROOT_CLASS = YES_ERROR;
				CLANG_WARN_QUOTED_INCLUDE_IN_FRAMEWORK_HEADER = YES;
				CLANG_WARN_RANGE_LOOP_ANALYSIS = YES;
				CLANG_WARN_STRICT_PROTOTYPES = YES;
				CLANG_WARN_SUSPICIOUS_MOVE = YES;
				CLANG_WARN_UNGUARDED_AVAILABILITY = YES_AGGRESSIVE;
				CLANG_WARN_UNREACHABLE_CODE = YES;
				CLANG_WARN__DUPLICATE_METHOD_MATCH = YES;
				COPY_PHASE_STRIP = NO;
				DEBUG_INFORMATION_FORMAT = "dwarf-with-dsym";
				ENABLE_NS_ASSERTIONS = NO;
				ENABLE_STRICT_OBJC_MSGSEND = YES;
				GCC_C_LANGUAGE_STANDARD = gnu11;
				GCC_NO_COMMON_BLOCKS = YES;
				GCC_WARN_64_TO_32_BIT_CONVERSION = YES;
				GCC_WARN_ABOUT_RETURN_TYPE = YES_ERROR;
				GCC_WARN_UNDECLARED_SELECTOR = YES;
				GCC_WARN_UNINITIALIZED_AUTOS = YES_AGGRESSIVE;
				GCC_WARN_UNUSED_FUNCTION = YES;
				GCC_WARN_UNUSED_VARIABLE = YES;
				IPHONEOS_DEPLOYMENT_TARGET = 15.0;
				MTL_ENABLE_DEBUG_INFO = NO;
				MTL_FAST_MATH = YES;
				SDKROOT = iphoneos;
				SWIFT_COMPILATION_MODE = wholemodule;
				SWIFT_OPTIMIZATION_LEVEL = "-O";
				VALIDATE_PRODUCT = YES;
			};
			name = Release;
		};
		64FB22C3290F604C00A378D2 /* Debug */ = {
			isa = XCBuildConfiguration;
			buildSettings = {
				ASSETCATALOG_COMPILER_APPICON_NAME = AppIcon;
				ASSETCATALOG_COMPILER_GLOBAL_ACCENT_COLOR_NAME = AccentColor;
				CODE_SIGN_STYLE = Automatic;
				CURRENT_PROJECT_VERSION = 1;
				DEVELOPMENT_ASSET_PATHS = "\"Savemo/Preview Content\"";
				DEVELOPMENT_TEAM = 744W89F35D;
				ENABLE_PREVIEWS = YES;
				GENERATE_INFOPLIST_FILE = YES;
				INFOPLIST_KEY_UIApplicationSceneManifest_Generation = YES;
				INFOPLIST_KEY_UIApplicationSupportsIndirectInputEvents = YES;
				INFOPLIST_KEY_UILaunchScreen_Generation = YES;
				INFOPLIST_KEY_UISupportedInterfaceOrientations_iPad = "UIInterfaceOrientationPortrait UIInterfaceOrientationPortraitUpsideDown UIInterfaceOrientationLandscapeLeft UIInterfaceOrientationLandscapeRight";
				INFOPLIST_KEY_UISupportedInterfaceOrientations_iPhone = "UIInterfaceOrientationPortrait UIInterfaceOrientationLandscapeLeft UIInterfaceOrientationLandscapeRight";
				INFOPLIST_KEY_UIUserInterfaceStyle = Light;
				IPHONEOS_DEPLOYMENT_TARGET = 15.0;
				LD_RUNPATH_SEARCH_PATHS = (
					"$(inherited)",
					"@executable_path/Frameworks",
				);
				MARKETING_VERSION = 1.0;
				PRODUCT_BUNDLE_IDENTIFIER = com.thiago.Savemo;
				PRODUCT_NAME = "$(TARGET_NAME)";
				SWIFT_EMIT_LOC_STRINGS = YES;
				SWIFT_VERSION = 5.0;
				TARGETED_DEVICE_FAMILY = "1,2";
			};
			name = Debug;
		};
		64FB22C4290F604C00A378D2 /* Release */ = {
			isa = XCBuildConfiguration;
			buildSettings = {
				ASSETCATALOG_COMPILER_APPICON_NAME = AppIcon;
				ASSETCATALOG_COMPILER_GLOBAL_ACCENT_COLOR_NAME = AccentColor;
				CODE_SIGN_STYLE = Automatic;
				CURRENT_PROJECT_VERSION = 1;
				DEVELOPMENT_ASSET_PATHS = "\"Savemo/Preview Content\"";
				DEVELOPMENT_TEAM = 744W89F35D;
				ENABLE_PREVIEWS = YES;
				GENERATE_INFOPLIST_FILE = YES;
				INFOPLIST_KEY_UIApplicationSceneManifest_Generation = YES;
				INFOPLIST_KEY_UIApplicationSupportsIndirectInputEvents = YES;
				INFOPLIST_KEY_UILaunchScreen_Generation = YES;
				INFOPLIST_KEY_UISupportedInterfaceOrientations_iPad = "UIInterfaceOrientationPortrait UIInterfaceOrientationPortraitUpsideDown UIInterfaceOrientationLandscapeLeft UIInterfaceOrientationLandscapeRight";
				INFOPLIST_KEY_UISupportedInterfaceOrientations_iPhone = "UIInterfaceOrientationPortrait UIInterfaceOrientationLandscapeLeft UIInterfaceOrientationLandscapeRight";
				INFOPLIST_KEY_UIUserInterfaceStyle = Light;
				IPHONEOS_DEPLOYMENT_TARGET = 15.0;
				LD_RUNPATH_SEARCH_PATHS = (
					"$(inherited)",
					"@executable_path/Frameworks",
				);
				MARKETING_VERSION = 1.0;
				PRODUCT_BUNDLE_IDENTIFIER = com.thiago.Savemo;
				PRODUCT_NAME = "$(TARGET_NAME)";
				SWIFT_EMIT_LOC_STRINGS = YES;
				SWIFT_VERSION = 5.0;
				TARGETED_DEVICE_FAMILY = "1,2";
			};
			name = Release;
		};
		64FB22C6290F604C00A378D2 /* Debug */ = {
			isa = XCBuildConfiguration;
			buildSettings = {
				ALWAYS_EMBED_SWIFT_STANDARD_LIBRARIES = YES;
				CODE_SIGN_STYLE = Automatic;
				CURRENT_PROJECT_VERSION = 1;
				DEVELOPMENT_TEAM = 744W89F35D;
				GENERATE_INFOPLIST_FILE = YES;
				IPHONEOS_DEPLOYMENT_TARGET = 15.0;
				MARKETING_VERSION = 1.0;
				PRODUCT_BUNDLE_IDENTIFIER = com.thiago.SavemoTests;
				PRODUCT_NAME = "$(TARGET_NAME)";
				SWIFT_EMIT_LOC_STRINGS = NO;
				SWIFT_VERSION = 5.0;
				TARGETED_DEVICE_FAMILY = "1,2";
				TEST_HOST = "$(BUILT_PRODUCTS_DIR)/Savemo.app/$(BUNDLE_EXECUTABLE_FOLDER_PATH)/Savemo";
			};
			name = Debug;
		};
		64FB22C7290F604C00A378D2 /* Release */ = {
			isa = XCBuildConfiguration;
			buildSettings = {
				ALWAYS_EMBED_SWIFT_STANDARD_LIBRARIES = YES;
				CODE_SIGN_STYLE = Automatic;
				CURRENT_PROJECT_VERSION = 1;
				DEVELOPMENT_TEAM = 744W89F35D;
				GENERATE_INFOPLIST_FILE = YES;
				IPHONEOS_DEPLOYMENT_TARGET = 15.0;
				MARKETING_VERSION = 1.0;
				PRODUCT_BUNDLE_IDENTIFIER = com.thiago.SavemoTests;
				PRODUCT_NAME = "$(TARGET_NAME)";
				SWIFT_EMIT_LOC_STRINGS = NO;
				SWIFT_VERSION = 5.0;
				TARGETED_DEVICE_FAMILY = "1,2";
				TEST_HOST = "$(BUILT_PRODUCTS_DIR)/Savemo.app/$(BUNDLE_EXECUTABLE_FOLDER_PATH)/Savemo";
			};
			name = Release;
		};
		64FB22C9290F604C00A378D2 /* Debug */ = {
			isa = XCBuildConfiguration;
			buildSettings = {
				ALWAYS_EMBED_SWIFT_STANDARD_LIBRARIES = YES;
				CODE_SIGN_STYLE = Automatic;
				CURRENT_PROJECT_VERSION = 1;
				DEVELOPMENT_TEAM = 744W89F35D;
				GENERATE_INFOPLIST_FILE = YES;
				IPHONEOS_DEPLOYMENT_TARGET = 15.0;
				MARKETING_VERSION = 1.0;
				PRODUCT_BUNDLE_IDENTIFIER = com.thiago.SavemoUITests;
				PRODUCT_NAME = "$(TARGET_NAME)";
				SWIFT_EMI	T_LOC_STRINGS = NO;
				SWIFT_VERSION = 5.0;
				TARGETED_DEVICE_FAMILY = "1,2";
				TEST_TARGET_NAME = Savemo;
			};
			name = Debug;
		};
		64FB22CA290F604C00A378D2 /* Release */ = {
			isa = XCBuildConfiguration;
			buildSettings = {
				ALWAYS_EMBED_SWIFT_STANDARD_LIBRARIES = YES;
				CODE_SIGN_STYLE = Automatic;
				CURRENT_PROJECT_VERSION = 1;
				DEVELOPMENT_TEAM = 744W89F35D;
				GENERATE_INFOPLIST_FILE = YES;
				IPHONEOS_DEPLOYMENT_TARGET = 15.0;
				MARKETING_VERSION = 1.0;
				PRODUCT_BUNDLE_IDENTIFIER = com.thiago.SavemoUITests;
				PRODUCT_NAME = "$(TARGET_NAME)";
				SWIFT_EMIT_LOC_STRINGS = NO;
				SWIFT_VERSION = 5.0;
				TARGETED_DEVICE_FAMILY = "1,2";
				TEST_TARGET_NAME = Savemo;
			};
			name = Release;
		};
/* End XCBuildConfiguration section */

/* Begin XCConfigurationList section */
		64FB2299290F604B00A378D2 /* Build configuration list for PBXProject "Savemo" */ = {
			isa = XCConfigurationList;
			buildConfigurations = (
				64FB22C0290F604C00A378D2 /* Debug */,
				64FB22C1290F604C00A378D2 /* Release */,
			);
			defaultConfigurationIsVisible = 0;
			defaultConfigurationName = Release;
		};
		64FB22C2290F604C00A378D2 /* Build configuration list for PBXNativeTarget "Savemo" */ = {
			isa = XCConfigurationList;
			buildConfigurations = (
				64FB22C3290F604C00A378D2 /* Debug */,
				64FB22C4290F604C00A378D2 /* Release */,
			);
			defaultConfigurationIsVisible = 0;
			defaultConfigurationName = Release;
		};
		64FB22C5290F604C00A378D2 /* Build configuration list for PBXNativeTarget "SavemoTests" */ = {
			isa = XCConfigurationList;
			buildConfigurations = (
				64FB22C6290F604C00A378D2 /* Debug */,
				64FB22C7290F604C00A378D2 /* Release */,
			);
			defaultConfigurationIsVisible = 0;
			defaultConfigurationName = Release;
		};
		64FB22C8290F604C00A378D2 /* Build configuration list for PBXNativeTarget "SavemoUITests" */ = {
			isa = XCConfigurationList;
			buildConfigurations = (
				64FB22C9290F604C00A378D2 /* Debug */,
				64FB22CA290F604C00A378D2 /* Release */,
			);
			defaultConfigurationIsVisible = 0;
			defaultConfigurationName = Release;
		};
/* End XCConfigurationList section */
	};
	rootObject = 64FB2296290F604B00A378D2 /* Project object */;
}
